
Microsoft Visual Studio Solution File, Format Version 12.00
# Visual Studio Version 17
VisualStudioVersion = 17.13.35806.99
MinimumVisualStudioVersion = 10.0.40219.1
Project("{FAE04EC0-301F-11D3-BF4B-00C04F79EFBC}") = "ConsoleApp1", "ConsoleApp1\ConsoleApp1.csproj", "{27E979AB-0E2E-4BE7-97EA-AC758049F277}"
EndProject
Project("{FAE04EC0-301F-11D3-BF4B-00C04F79EFBC}") = "WinFormsApp1", "WinFormsApp1\WinFormsApp1.csproj", "{B090407A-7211-4576-8C5D-87F90A94F450}"
EndProject
Project("{FAE04EC0-301F-11D3-BF4B-00C04F79EFBC}") = "WinFormsApp2", "WinFormsApp2\WinFormsApp2.csproj", "{FBC90A5E-23A1-48BE-8D2A-4191DCB418D2}"
EndProject
Project("{FAE04EC0-301F-11D3-BF4B-00C04F79EFBC}") = "WinFormsApp3", "WinFormsApp3\WinFormsApp3.csproj", "{04C8CCC8-2FF0-4550-A170-DC0E3E986159}"
EndProject
Project("{8BC9CEB8-8B4A-11D0-8D11-00A0C91BC942}") = "TestExamC", "TestExamCpp\TestExamCpp.vcxproj", "{C811CE8F-AA1B-40BA-83AB-AF5E8CF6F68E}"
EndProject
Project("{8BC9CEB8-8B4A-11D0-8D11-00A0C91BC942}") = "TestCpp", "TestCpp\TestCpp.vcxproj", "{7B5E3ED5-D32E-4132-A3E0-6A7A2A1D4D49}"
EndProject
Project("{FAE04EC0-301F-11D3-BF4B-00C04F79EFBC}") = "Algoritmics", "Algoritmics\Algoritmics.csproj", "{4707C50E-5173-4479-914F-C7816DDCF52C}"
EndProject
Project("{8BC9CEB8-8B4A-11D0-8D11-00A0C91BC942}") = "HashTableTesst", "HashTableTesst\HashTableTesst.vcxproj", "{4E064C1A-D60B-4AD4-9026-019C0FB02F4B}"
EndProject
Project("{FAE04EC0-301F-11D3-BF4B-00C04F79EFBC}") = "Asp", "Asp\Asp.csproj", "{15E4FF20-DB96-4A65-88B7-DD91872F3603}"
EndProject
Global
	GlobalSection(SolutionConfigurationPlatforms) = preSolution
		Debug|Any CPU = Debug|Any CPU
		Debug|x64 = Debug|x64
		Debug|x86 = Debug|x86
		Release|Any CPU = Release|Any CPU
		Release|x64 = Release|x64
		Release|x86 = Release|x86
	EndGlobalSection
	GlobalSection(ProjectConfigurationPlatforms) = postSolution
		{27E979AB-0E2E-4BE7-97EA-AC758049F277}.Debug|Any CPU.ActiveCfg = Debug|Any CPU
		{27E979AB-0E2E-4BE7-97EA-AC758049F277}.Debug|Any CPU.Build.0 = Debug|Any CPU
		{27E979AB-0E2E-4BE7-97EA-AC758049F277}.Debug|x64.ActiveCfg = Debug|Any CPU
		{27E979AB-0E2E-4BE7-97EA-AC758049F277}.Debug|x64.Build.0 = Debug|Any CPU
		{27E979AB-0E2E-4BE7-97EA-AC758049F277}.Debug|x86.ActiveCfg = Debug|Any CPU
		{27E979AB-0E2E-4BE7-97EA-AC758049F277}.Debug|x86.Build.0 = Debug|Any CPU
		{27E979AB-0E2E-4BE7-97EA-AC758049F277}.Release|Any CPU.ActiveCfg = Release|Any CPU
		{27E979AB-0E2E-4BE7-97EA-AC758049F277}.Release|Any CPU.Build.0 = Release|Any CPU
		{27E979AB-0E2E-4BE7-97EA-AC758049F277}.Release|x64.ActiveCfg = Release|Any CPU
		{27E979AB-0E2E-4BE7-97EA-AC758049F277}.Release|x64.Build.0 = Release|Any CPU
		{27E979AB-0E2E-4BE7-97EA-AC758049F277}.Release|x86.ActiveCfg = Release|Any CPU
		{27E979AB-0E2E-4BE7-97EA-AC758049F277}.Release|x86.Build.0 = Release|Any CPU
		{B090407A-7211-4576-8C5D-87F90A94F450}.Debug|Any CPU.ActiveCfg = Debug|Any CPU
		{B090407A-7211-4576-8C5D-87F90A94F450}.Debug|Any CPU.Build.0 = Debug|Any CPU
		{B090407A-7211-4576-8C5D-87F90A94F450}.Debug|x64.ActiveCfg = Debug|Any CPU
		{B090407A-7211-4576-8C5D-87F90A94F450}.Debug|x64.Build.0 = Debug|Any CPU
		{B090407A-7211-4576-8C5D-87F90A94F450}.Debug|x86.ActiveCfg = Debug|Any CPU
		{B090407A-7211-4576-8C5D-87F90A94F450}.Debug|x86.Build.0 = Debug|Any CPU
		{B090407A-7211-4576-8C5D-87F90A94F450}.Release|Any CPU.ActiveCfg = Release|Any CPU
		{B090407A-7211-4576-8C5D-87F90A94F450}.Release|Any CPU.Build.0 = Release|Any CPU
		{B090407A-7211-4576-8C5D-87F90A94F450}.Release|x64.ActiveCfg = Release|Any CPU
		{B090407A-7211-4576-8C5D-87F90A94F450}.Release|x64.Build.0 = Release|Any CPU
		{B090407A-7211-4576-8C5D-87F90A94F450}.Release|x86.ActiveCfg = Release|Any CPU
		{B090407A-7211-4576-8C5D-87F90A94F450}.Release|x86.Build.0 = Release|Any CPU
		{FBC90A5E-23A1-48BE-8D2A-4191DCB418D2}.Debug|Any CPU.ActiveCfg = Debug|Any CPU
		{FBC90A5E-23A1-48BE-8D2A-4191DCB418D2}.Debug|Any CPU.Build.0 = Debug|Any CPU
		{FBC90A5E-23A1-48BE-8D2A-4191DCB418D2}.Debug|x64.ActiveCfg = Debug|Any CPU
		{FBC90A5E-23A1-48BE-8D2A-4191DCB418D2}.Debug|x64.Build.0 = Debug|Any CPU
		{FBC90A5E-23A1-48BE-8D2A-4191DCB418D2}.Debug|x86.ActiveCfg = Debug|Any CPU
		{FBC90A5E-23A1-48BE-8D2A-4191DCB418D2}.Debug|x86.Build.0 = Debug|Any CPU
		{FBC90A5E-23A1-48BE-8D2A-4191DCB418D2}.Release|Any CPU.ActiveCfg = Release|Any CPU
		{FBC90A5E-23A1-48BE-8D2A-4191DCB418D2}.Release|Any CPU.Build.0 = Release|Any CPU
		{FBC90A5E-23A1-48BE-8D2A-4191DCB418D2}.Release|x64.ActiveCfg = Release|Any CPU
		{FBC90A5E-23A1-48BE-8D2A-4191DCB418D2}.Release|x64.Build.0 = Release|Any CPU
		{FBC90A5E-23A1-48BE-8D2A-4191DCB418D2}.Release|x86.ActiveCfg = Release|Any CPU
		{FBC90A5E-23A1-48BE-8D2A-4191DCB418D2}.Release|x86.Build.0 = Release|Any CPU
		{04C8CCC8-2FF0-4550-A170-DC0E3E986159}.Debug|Any CPU.ActiveCfg = Debug|Any CPU
		{04C8CCC8-2FF0-4550-A170-DC0E3E986159}.Debug|Any CPU.Build.0 = Debug|Any CPU
		{04C8CCC8-2FF0-4550-A170-DC0E3E986159}.Debug|x64.ActiveCfg = Debug|Any CPU
		{04C8CCC8-2FF0-4550-A170-DC0E3E986159}.Debug|x64.Build.0 = Debug|Any CPU
		{04C8CCC8-2FF0-4550-A170-DC0E3E986159}.Debug|x86.ActiveCfg = Debug|Any CPU
		{04C8CCC8-2FF0-4550-A170-DC0E3E986159}.Debug|x86.Build.0 = Debug|Any CPU
		{04C8CCC8-2FF0-4550-A170-DC0E3E986159}.Release|Any CPU.ActiveCfg = Release|Any CPU
		{04C8CCC8-2FF0-4550-A170-DC0E3E986159}.Release|Any CPU.Build.0 = Release|Any CPU
		{04C8CCC8-2FF0-4550-A170-DC0E3E986159}.Release|x64.ActiveCfg = Release|Any CPU
		{04C8CCC8-2FF0-4550-A170-DC0E3E986159}.Release|x64.Build.0 = Release|Any CPU
		{04C8CCC8-2FF0-4550-A170-DC0E3E986159}.Release|x86.ActiveCfg = Release|Any CPU
		{04C8CCC8-2FF0-4550-A170-DC0E3E986159}.Release|x86.Build.0 = Release|Any CPU
		{C811CE8F-AA1B-40BA-83AB-AF5E8CF6F68E}.Debug|Any CPU.ActiveCfg = Debug|x64
		{C811CE8F-AA1B-40BA-83AB-AF5E8CF6F68E}.Debug|Any CPU.Build.0 = Debug|x64
		{C811CE8F-AA1B-40BA-83AB-AF5E8CF6F68E}.Debug|x64.ActiveCfg = Debug|x64
		{C811CE8F-AA1B-40BA-83AB-AF5E8CF6F68E}.Debug|x64.Build.0 = Debug|x64
		{C811CE8F-AA1B-40BA-83AB-AF5E8CF6F68E}.Debug|x86.ActiveCfg = Debug|Win32
		{C811CE8F-AA1B-40BA-83AB-AF5E8CF6F68E}.Debug|x86.Build.0 = Debug|Win32
		{C811CE8F-AA1B-40BA-83AB-AF5E8CF6F68E}.Release|Any CPU.ActiveCfg = Release|x64
		{C811CE8F-AA1B-40BA-83AB-AF5E8CF6F68E}.Release|Any CPU.Build.0 = Release|x64
		{C811CE8F-AA1B-40BA-83AB-AF5E8CF6F68E}.Release|x64.ActiveCfg = Release|x64
		{C811CE8F-AA1B-40BA-83AB-AF5E8CF6F68E}.Release|x64.Build.0 = Release|x64
		{C811CE8F-AA1B-40BA-83AB-AF5E8CF6F68E}.Release|x86.ActiveCfg = Release|Win32
		{C811CE8F-AA1B-40BA-83AB-AF5E8CF6F68E}.Release|x86.Build.0 = Release|Win32
		{7B5E3ED5-D32E-4132-A3E0-6A7A2A1D4D49}.Debug|Any CPU.ActiveCfg = Debug|x64
		{7B5E3ED5-D32E-4132-A3E0-6A7A2A1D4D49}.Debug|Any CPU.Build.0 = Debug|x64
		{7B5E3ED5-D32E-4132-A3E0-6A7A2A1D4D49}.Debug|x64.ActiveCfg = Debug|x64
		{7B5E3ED5-D32E-4132-A3E0-6A7A2A1D4D49}.Debug|x64.Build.0 = Debug|x64
		{7B5E3ED5-D32E-4132-A3E0-6A7A2A1D4D49}.Debug|x86.ActiveCfg = Debug|Win32
		{7B5E3ED5-D32E-4132-A3E0-6A7A2A1D4D49}.Debug|x86.Build.0 = Debug|Win32
		{7B5E3ED5-D32E-4132-A3E0-6A7A2A1D4D49}.Release|Any CPU.ActiveCfg = Release|x64
		{7B5E3ED5-D32E-4132-A3E0-6A7A2A1D4D49}.Release|Any CPU.Build.0 = Release|x64
		{7B5E3ED5-D32E-4132-A3E0-6A7A2A1D4D49}.Release|x64.ActiveCfg = Release|x64
		{7B5E3ED5-D32E-4132-A3E0-6A7A2A1D4D49}.Release|x64.Build.0 = Release|x64
		{7B5E3ED5-D32E-4132-A3E0-6A7A2A1D4D49}.Release|x86.ActiveCfg = Release|Win32
		{7B5E3ED5-D32E-4132-A3E0-6A7A2A1D4D49}.Release|x86.Build.0 = Release|Win32
		{4707C50E-5173-4479-914F-C7816DDCF52C}.Debug|Any CPU.ActiveCfg = Debug|Any CPU
		{4707C50E-5173-4479-914F-C7816DDCF52C}.Debug|Any CPU.Build.0 = Debug|Any CPU
		{4707C50E-5173-4479-914F-C7816DDCF52C}.Debug|x64.ActiveCfg = Debug|Any CPU
		{4707C50E-5173-4479-914F-C7816DDCF52C}.Debug|x64.Build.0 = Debug|Any CPU
		{4707C50E-5173-4479-914F-C7816DDCF52C}.Debug|x86.ActiveCfg = Debug|Any CPU
		{4707C50E-5173-4479-914F-C7816DDCF52C}.Debug|x86.Build.0 = Debug|Any CPU
		{4707C50E-5173-4479-914F-C7816DDCF52C}.Release|Any CPU.ActiveCfg = Release|Any CPU
		{4707C50E-5173-4479-914F-C7816DDCF52C}.Release|Any CPU.Build.0 = Release|Any CPU
		{4707C50E-5173-4479-914F-C7816DDCF52C}.Release|x64.ActiveCfg = Release|Any CPU
		{4707C50E-5173-4479-914F-C7816DDCF52C}.Release|x64.Build.0 = Release|Any CPU
		{4707C50E-5173-4479-914F-C7816DDCF52C}.Release|x86.ActiveCfg = Release|Any CPU
		{4707C50E-5173-4479-914F-C7816DDCF52C}.Release|x86.Build.0 = Release|Any CPU
		{4E064C1A-D60B-4AD4-9026-019C0FB02F4B}.Debug|Any CPU.ActiveCfg = Debug|x64
		{4E064C1A-D60B-4AD4-9026-019C0FB02F4B}.Debug|Any CPU.Build.0 = Debug|x64
		{4E064C1A-D60B-4AD4-9026-019C0FB02F4B}.Debug|x64.ActiveCfg = Debug|x64
		{4E064C1A-D60B-4AD4-9026-019C0FB02F4B}.Debug|x64.Build.0 = Debug|x64
		{4E064C1A-D60B-4AD4-9026-019C0FB02F4B}.Debug|x86.ActiveCfg = Debug|Win32
		{4E064C1A-D60B-4AD4-9026-019C0FB02F4B}.Debug|x86.Build.0 = Debug|Win32
		{4E064C1A-D60B-4AD4-9026-019C0FB02F4B}.Release|Any CPU.ActiveCfg = Release|x64
		{4E064C1A-D60B-4AD4-9026-019C0FB02F4B}.Release|Any CPU.Build.0 = Release|x64
		{4E064C1A-D60B-4AD4-9026-019C0FB02F4B}.Release|x64.ActiveCfg = Release|x64
		{4E064C1A-D60B-4AD4-9026-019C0FB02F4B}.Release|x64.Build.0 = Release|x64
		{4E064C1A-D60B-4AD4-9026-019C0FB02F4B}.Release|x86.ActiveCfg = Release|Win32
		{4E064C1A-D60B-4AD4-9026-019C0FB02F4B}.Release|x86.Build.0 = Release|Win32
		{15E4FF20-DB96-4A65-88B7-DD91872F3603}.Debug|Any CPU.ActiveCfg = Debug|Any CPU
		{15E4FF20-DB96-4A65-88B7-DD91872F3603}.Debug|Any CPU.Build.0 = Debug|Any CPU
		{15E4FF20-DB96-4A65-88B7-DD91872F3603}.Debug|x64.ActiveCfg = Debug|Any CPU
		{15E4FF20-DB96-4A65-88B7-DD91872F3603}.Debug|x64.Build.0 = Debug|Any CPU
		{15E4FF20-DB96-4A65-88B7-DD91872F3603}.Debug|x86.ActiveCfg = Debug|Any CPU
		{15E4FF20-DB96-4A65-88B7-DD91872F3603}.Debug|x86.Build.0 = Debug|Any CPU
		{15E4FF20-DB96-4A65-88B7-DD91872F3603}.Release|Any CPU.ActiveCfg = Release|Any CPU
		{15E4FF20-DB96-4A65-88B7-DD91872F3603}.Release|Any CPU.Build.0 = Release|Any CPU
		{15E4FF20-DB96-4A65-88B7-DD91872F3603}.Release|x64.ActiveCfg = Release|Any CPU
		{15E4FF20-DB96-4A65-88B7-DD91872F3603}.Release|x64.Build.0 = Release|Any CPU
		{15E4FF20-DB96-4A65-88B7-DD91872F3603}.Release|x86.ActiveCfg = Release|Any CPU
		{15E4FF20-DB96-4A65-88B7-DD91872F3603}.Release|x86.Build.0 = Release|Any CPU
	EndGlobalSection
	GlobalSection(SolutionProperties) = preSolution
		HideSolutionNode = FALSE
	EndGlobalSection
	GlobalSection(ExtensibilityGlobals) = postSolution
		SolutionGuid = {77D06617-3A8C-4D44-B9BE-82205AA4B4D2}
	EndGlobalSection
EndGlobal
